
Microsoft Visual Studio Solution File, Format Version 12.00
# Visual Studio Version 16
VisualStudioVersion = 16.0.33801.447
MinimumVisualStudioVersion = 10.0.40219.1
Project("{FAE04EC0-301F-11D3-BF4B-00C04F79EFBC}") = "CoreMongoDBCrud", "CoreMongoDBCrud\CoreMongoDBCrud.csproj", "{E5C3E4BF-C38A-45C3-BFD7-16E52A2FF58B}"
EndProject
Global
	GlobalSection(SolutionConfigurationPlatforms) = preSolution
		Debug|Any CPU = Debug|Any CPU
		Release|Any CPU = Release|Any CPU
	EndGlobalSection
	GlobalSection(ProjectConfigurationPlatforms) = postSolution
		{E5C3E4BF-C38A-45C3-BFD7-16E52A2FF58B}.Debug|Any CPU.ActiveCfg = Debug|Any CPU
		{E5C3E4BF-C38A-45C3-BFD7-16E52A2FF58B}.Debug|Any CPU.Build.0 = Debug|Any CPU
		{E5C3E4BF-C38A-45C3-BFD7-16E52A2FF58B}.Release|Any CPU.ActiveCfg = Release|Any CPU
		{E5C3E4BF-C38A-45C3-BFD7-16E52A2FF58B}.Release|Any CPU.Build.0 = Release|Any CPU
	EndGlobalSection
	GlobalSection(SolutionProperties) = preSolution
		HideSolutionNode = FALSE
	EndGlobalSection
	GlobalSection(ExtensibilityGlobals) = postSolution
		SolutionGuid = {283D2D27-B6D5-4383-846B-19D746F29F23}
	EndGlobalSection
EndGlobal
